{
  "name": "@popovmp/request-service",
  "version": "4.5.4",
  "lockfileVersion": 1,
  "requires": true,
  "dependencies": {
    "@popovmp/mocha-tiny": {
      "version": "1.3.0",
      "resolved": "https://registry.npmjs.org/@popovmp/mocha-tiny/-/mocha-tiny-1.3.0.tgz",
      "integrity": "sha512-e2QbaPDFZVJIit8rWkysZ8OO5xRbwGJt8CykExQh7vJR8/7o80iHONI42Q26d0bXLWeSlm//MgwQpCt7kM1C1Q==",
      "dev": true
    }
  }
}
