{
  "name": "@popovmp/request-service",
  "version": "4.5.2",
  "lockfileVersion": 1,
  "requires": true,
  "dependencies": {
    "@popovmp/mocha-tiny": {
      "version": "1.2.1",
      "resolved": "https://registry.npmjs.org/@popovmp/mocha-tiny/-/mocha-tiny-1.2.1.tgz",
      "integrity": "sha512-88JuoJZmYgMrA6TRUA72+HSctpem5kbJKVHoieQQ0cN/3WUz2hGmptWlRwV0jaJFl1eVMwnYfi49W6J8egzTtA==",
      "dev": true
    }
  }
}
