{
  "name": "@popovmp/request-service",
  "version": "4.0.0",
  "lockfileVersion": 1,
  "requires": true,
  "dependencies": {
    "@popovmp/micro-tester": {
      "version": "2.1.0",
      "resolved": "https://registry.npmjs.org/@popovmp/micro-tester/-/micro-tester-2.1.0.tgz",
      "integrity": "sha512-ZrgRcJQr7Zxp8wMYHSD5sXO+C6P43Wp59nKZqjZ5ekmYIVRI9iYubMMeJQoQwN34sjrX8t2SLrazhow7cvcNpQ==",
      "dev": true
    }
  }
}
